
Microsoft Visual Studio Solution File, Format Version 12.00
# Visual Studio 15
Project("{FAE04EC0-301F-11D3-BF4B-00C04F79EFBC}") = "Assembly-CSharp", "Assembly-CSharp.csproj", "{574907CE-851E-A2B0-C4C8-24B37C52870F}"
EndProject
Project("{FAE04EC0-301F-11D3-BF4B-00C04F79EFBC}") = "NavMeshComponents", "NavMeshComponents.csproj", "{38705E6D-986C-F303-B6EA-9F975E2621B9}"
EndProject
Project("{FAE04EC0-301F-11D3-BF4B-00C04F79EFBC}") = "NavMeshComponentsEditor", "NavMeshComponentsEditor.csproj", "{49F37E4F-B5B0-3B58-D684-3ECDA37BF11B}"
EndProject
Global
	GlobalSection(SolutionConfigurationPlatforms) = preSolution
		Debug|Any CPU = Debug|Any CPU
		Release|Any CPU = Release|Any CPU
	EndGlobalSection
	GlobalSection(ProjectConfigurationPlatforms) = postSolution
		{574907CE-851E-A2B0-C4C8-24B37C52870F}.Debug|Any CPU.ActiveCfg = Debug|Any CPU
		{574907CE-851E-A2B0-C4C8-24B37C52870F}.Debug|Any CPU.Build.0 = Debug|Any CPU
		{574907CE-851E-A2B0-C4C8-24B37C52870F}.Release|Any CPU.ActiveCfg = Release|Any CPU
		{574907CE-851E-A2B0-C4C8-24B37C52870F}.Release|Any CPU.Build.0 = Release|Any CPU
		{38705E6D-986C-F303-B6EA-9F975E2621B9}.Debug|Any CPU.ActiveCfg = Debug|Any CPU
		{38705E6D-986C-F303-B6EA-9F975E2621B9}.Debug|Any CPU.Build.0 = Debug|Any CPU
		{38705E6D-986C-F303-B6EA-9F975E2621B9}.Release|Any CPU.ActiveCfg = Release|Any CPU
		{38705E6D-986C-F303-B6EA-9F975E2621B9}.Release|Any CPU.Build.0 = Release|Any CPU
		{49F37E4F-B5B0-3B58-D684-3ECDA37BF11B}.Debug|Any CPU.ActiveCfg = Debug|Any CPU
		{49F37E4F-B5B0-3B58-D684-3ECDA37BF11B}.Debug|Any CPU.Build.0 = Debug|Any CPU
		{49F37E4F-B5B0-3B58-D684-3ECDA37BF11B}.Release|Any CPU.ActiveCfg = Release|Any CPU
		{49F37E4F-B5B0-3B58-D684-3ECDA37BF11B}.Release|Any CPU.Build.0 = Release|Any CPU
	EndGlobalSection
	GlobalSection(SolutionProperties) = preSolution
		HideSolutionNode = FALSE
	EndGlobalSection
EndGlobal
